<?xml version="1.0" encoding="utf-8"?>
<Project ToolsVersion="4.0" xmlns="http://schemas.microsoft.com/developer/msbuild/2003">
  <ItemGroup>
    <Filter Include="Head">
      <UniqueIdentifier>{f473b5f4-505c-42ad-b976-b56fb77ee6a2}</UniqueIdentifier>
    </Filter>
    <Filter Include="Source">
      <UniqueIdentifier>{30cdcf89-e698-4fea-a473-4f1d33993941}</UniqueIdentifier>
    </Filter>
  </ItemGroup>
  <ItemGroup>
    <ClCompile Include="Channel.cpp">
      <Filter>Source</Filter>
    </ClCompile>
    <ClCompile Include="main.cpp">
      <Filter>Source</Filter>
    </ClCompile>
    <ClCompile Include="ChannelMap.cpp">
      <Filter>Source</Filter>
    </ClCompile>
    <ClCompile Include="EventLoop.cpp">
      <Filter>Source</Filter>
    </ClCompile>
    <ClCompile Include="EpollDispatcher.cpp">
      <Filter>Source</Filter>
    </ClCompile>
    <ClCompile Include="PollDispatcher.cpp">
      <Filter>Source</Filter>
    </ClCompile>
    <ClCompile Include="SelectDispatcher.cpp">
      <Filter>Source</Filter>
    </ClCompile>
    <ClCompile Include="WorkerThread.cpp">
      <Filter>Source</Filter>
    </ClCompile>
    <ClCompile Include="ThreadPool.cpp">
      <Filter>Source</Filter>
    </ClCompile>
    <ClCompile Include="Buffer.cpp">
      <Filter>Source</Filter>
    </ClCompile>
    <ClCompile Include="TcpServer.cpp">
      <Filter>Source</Filter>
    </ClCompile>
    <ClCompile Include="TcpConnection.cpp">
      <Filter>Source</Filter>
    </ClCompile>
    <ClCompile Include="HttpRequest.cpp">
      <Filter>Source</Filter>
    </ClCompile>
  </ItemGroup>
  <ItemGroup>
    <ClInclude Include="Channel.h">
      <Filter>Head</Filter>
    </ClInclude>
    <ClInclude Include="ChannelMap.h">
      <Filter>Head</Filter>
    </ClInclude>
    <ClInclude Include="EventLoop.h">
      <Filter>Head</Filter>
    </ClInclude>
    <ClInclude Include="Dispatcher.h">
      <Filter>Head</Filter>
    </ClInclude>
    <ClInclude Include="WorkerThread.h">
      <Filter>Head</Filter>
    </ClInclude>
    <ClInclude Include="ThreadPool.h">
      <Filter>Head</Filter>
    </ClInclude>
    <ClInclude Include="Buffer.h">
      <Filter>Head</Filter>
    </ClInclude>
    <ClInclude Include="TcpServer.h">
      <Filter>Head</Filter>
    </ClInclude>
    <ClInclude Include="TcpConnection.h">
      <Filter>Head</Filter>
    </ClInclude>
    <ClInclude Include="HttpRequest.h">
      <Filter>Head</Filter>
    </ClInclude>
  </ItemGroup>
</Project>